
Microsoft Visual Studio Solution File, Format Version 12.00
# Visual Studio Version 17
VisualStudioVersion = 17.3.32901.215
MinimumVisualStudioVersion = 10.0.40219.1
Project("{FAE04EC0-301F-11D3-BF4B-00C04F79EFBC}") = "filmArsivim", "filmArsivim\filmArsivim.csproj", "{85230849-7BAD-4E0A-B18C-8B6F5320DF85}"
EndProject
Global
	GlobalSection(SolutionConfigurationPlatforms) = preSolution
		Debug|Any CPU = Debug|Any CPU
		Release|Any CPU = Release|Any CPU
	EndGlobalSection
	GlobalSection(ProjectConfigurationPlatforms) = postSolution
		{85230849-7BAD-4E0A-B18C-8B6F5320DF85}.Debug|Any CPU.ActiveCfg = Debug|Any CPU
		{85230849-7BAD-4E0A-B18C-8B6F5320DF85}.Debug|Any CPU.Build.0 = Debug|Any CPU
		{85230849-7BAD-4E0A-B18C-8B6F5320DF85}.Release|Any CPU.ActiveCfg = Release|Any CPU
		{85230849-7BAD-4E0A-B18C-8B6F5320DF85}.Release|Any CPU.Build.0 = Release|Any CPU
	EndGlobalSection
	GlobalSection(SolutionProperties) = preSolution
		HideSolutionNode = FALSE
	EndGlobalSection
	GlobalSection(ExtensibilityGlobals) = postSolution
		SolutionGuid = {B2DF6E7F-8585-45A1-878B-7F8CEADCFAD0}
	EndGlobalSection
EndGlobal
